{
  "version": 4,
  "terraform_version": "1.3.5",
  "serial": 1,
  "lineage": "79d76897-4602-67b1-83a6-c2a9bccfb09a",
  "outputs": {},
  "resources": [
    {
      "mode": "data",
      "type": "azurerm_client_config",
      "name": "current",
      "provider": "provider[\"registry.terraform.io/hashicorp/azurerm\"]",
      "instances": [
        {
          "schema_version": 0,
          "attributes": {
            "client_id": "cdbc55e5-1f66-48dc-a69f-ee67dd1fa5d4",
            "id": "2023-02-09 00:19:18.6062569 +0000 UTC",
            "object_id": "ecceae46-b746-4867-af65-f88f9c512002",
            "subscription_id": "d4dcf2f0-f230-4785-ac04-a37ed6e439ee",
            "tenant_id": "e3c1b2e3-3961-4882-925a-94cf6bf2170a",
            "timeouts": null
          },
          "sensitive_attributes": []
        }
      ]
    },
    {
      "module": "module.azurerm_resource_group",
      "mode": "managed",
      "type": "azurerm_resource_group",
      "name": "this",
      "provider": "provider[\"registry.terraform.io/hashicorp/azurerm\"]",
      "instances": [
        {
          "schema_version": 0,
          "attributes": {
            "id": "/subscriptions/d4dcf2f0-f230-4785-ac04-a37ed6e439ee/resourceGroups/rg-testing",
            "location": "eastus",
            "name": "rg-testing",
            "tags": {
              "costcenter": "it"
            },
            "timeouts": null
          },
          "sensitive_attributes": [],
          "private": "eyJlMmJmYjczMC1lY2FhLTExZTYtOGY4OC0zNDM2M2JjN2M0YzAiOnsiY3JlYXRlIjo1NDAwMDAwMDAwMDAwLCJkZWxldGUiOjU0MDAwMDAwMDAwMDAsInJlYWQiOjMwMDAwMDAwMDAwMCwidXBkYXRlIjo1NDAwMDAwMDAwMDAwfX0="
        }
      ]
    }
  ],
  "check_results": null
}
