{
  "version": 4,
  "terraform_version": "1.3.5",
  "serial": 35,
  "lineage": "75717b03-ef4b-f442-36e3-d4e5606477c4",
  "outputs": {},
  "resources": [
    {
      "module": "module.azurerm_log_analytics_workspace",
      "mode": "managed",
      "type": "azurerm_log_analytics_workspace",
      "name": "this",
      "provider": "provider[\"registry.terraform.io/hashicorp/azurerm\"]",
      "instances": [
        {
          "schema_version": 3,
          "attributes": {
            "allow_resource_only_permissions": true,
            "cmk_for_query_forced": false,
            "daily_quota_gb": -1,
            "id": "/subscriptions/d4dcf2f0-f230-4785-ac04-a37ed6e439ee/resourceGroups/rg-io-connectdev-sbx-mgmt-eastus-1/providers/Microsoft.OperationalInsights/workspaces/io-connectdev-sbx-mgmt-eastus-1",
            "internet_ingestion_enabled": true,
            "internet_query_enabled": true,
            "local_authentication_disabled": false,
            "location": "eastus",
            "name": "io-connectdev-sbx-mgmt-eastus-1",
            "primary_shared_key": "MJF7kFds1xpDsQsgWNNr5eha+G5w5gSslUFeiMmtmikzRrALCbNrMh5j7au65mVsHIol2ohGP4CsLpHkZImOMg==",
            "reservation_capacity_in_gb_per_day": null,
            "resource_group_name": "rg-io-connectdev-sbx-mgmt-eastus-1",
            "retention_in_days": 100,
            "secondary_shared_key": "YEZwN3sK59HUYHt+t3W+kjRCJEspL5XIdGRaxvZ/04HGiz3HJaUg13nSoW1zqlGU68abfDtou5t7CVC2TThsmA==",
            "sku": "PerGB2018",
            "tags": {
              "appid": "connectivity",
              "cleardata": "n",
              "costcenter": "0930",
              "department": "io",
              "environmnet": "sbx",
              "owner": "JR_Johnson",
              "terraform": "_connectivity_subscription"
            },
            "timeouts": null,
            "workspace_id": "5640c858-ea1c-4878-b932-775d3dfd2590"
          },
          "sensitive_attributes": [],
          "private": "eyJlMmJmYjczMC1lY2FhLTExZTYtOGY4OC0zNDM2M2JjN2M0YzAiOnsiY3JlYXRlIjoxODAwMDAwMDAwMDAwLCJkZWxldGUiOjE4MDAwMDAwMDAwMDAsInJlYWQiOjMwMDAwMDAwMDAwMCwidXBkYXRlIjoxODAwMDAwMDAwMDAwfSwic2NoZW1hX3ZlcnNpb24iOiIzIn0=",
          "dependencies": [
            "module.azurerm_resource_group_mgmt.azurerm_resource_group.this"
          ]
        }
      ]
    },
    {
      "module": "module.azurerm_network_watcher",
      "mode": "managed",
      "type": "azurerm_network_watcher",
      "name": "this",
      "provider": "provider[\"registry.terraform.io/hashicorp/azurerm\"]",
      "instances": [
        {
          "schema_version": 0,
          "attributes": {
            "id": "/subscriptions/d4dcf2f0-f230-4785-ac04-a37ed6e439ee/resourceGroups/rg-io-connectdev-sbx-core-eastus-1/providers/Microsoft.Network/networkWatchers/io-connectdev-sbx-nw-core-eastus-1",
            "location": "eastus",
            "name": "io-connectdev-sbx-nw-core-eastus-1",
            "resource_group_name": "rg-io-connectdev-sbx-core-eastus-1",
            "tags": {
              "appid": "connectivity",
              "cleardata": "n",
              "costcenter": "0930",
              "department": "io",
              "environmnet": "sbx",
              "owner": "JR_Johnson",
              "terraform": "_connectivity_subscription"
            },
            "timeouts": null
          },
          "sensitive_attributes": [],
          "private": "eyJlMmJmYjczMC1lY2FhLTExZTYtOGY4OC0zNDM2M2JjN2M0YzAiOnsiY3JlYXRlIjoxODAwMDAwMDAwMDAwLCJkZWxldGUiOjE4MDAwMDAwMDAwMDAsInJlYWQiOjMwMDAwMDAwMDAwMCwidXBkYXRlIjoxODAwMDAwMDAwMDAwfX0=",
          "dependencies": [
            "module.azurerm_resource_group.azurerm_resource_group.this"
          ]
        }
      ]
    },
    {
      "module": "module.azurerm_resource_group",
      "mode": "managed",
      "type": "azurerm_resource_group",
      "name": "this",
      "provider": "provider[\"registry.terraform.io/hashicorp/azurerm\"]",
      "instances": [
        {
          "schema_version": 0,
          "attributes": {
            "id": "/subscriptions/d4dcf2f0-f230-4785-ac04-a37ed6e439ee/resourceGroups/rg-io-connectdev-sbx-core-eastus-1",
            "location": "eastus",
            "name": "rg-io-connectdev-sbx-core-eastus-1",
            "tags": {
              "appid": "connectivity",
              "cleardata": "n",
              "costcenter": "0930",
              "department": "io",
              "environmnet": "sbx",
              "owner": "JR_Johnson",
              "terraform": "_connectivity_subscription"
            },
            "timeouts": null
          },
          "sensitive_attributes": [],
          "private": "eyJlMmJmYjczMC1lY2FhLTExZTYtOGY4OC0zNDM2M2JjN2M0YzAiOnsiY3JlYXRlIjo1NDAwMDAwMDAwMDAwLCJkZWxldGUiOjU0MDAwMDAwMDAwMDAsInJlYWQiOjMwMDAwMDAwMDAwMCwidXBkYXRlIjo1NDAwMDAwMDAwMDAwfX0="
        }
      ]
    },
    {
      "module": "module.azurerm_resource_group_mgmt",
      "mode": "managed",
      "type": "azurerm_resource_group",
      "name": "this",
      "provider": "provider[\"registry.terraform.io/hashicorp/azurerm\"]",
      "instances": [
        {
          "schema_version": 0,
          "attributes": {
            "id": "/subscriptions/d4dcf2f0-f230-4785-ac04-a37ed6e439ee/resourceGroups/rg-io-connectdev-sbx-mgmt-eastus-1",
            "location": "eastus",
            "name": "rg-io-connectdev-sbx-mgmt-eastus-1",
            "tags": {
              "appid": "connectivity",
              "cleardata": "n",
              "costcenter": "0930",
              "department": "io",
              "environmnet": "sbx",
              "owner": "JR_Johnson",
              "terraform": "_connectivity_subscription"
            },
            "timeouts": null
          },
          "sensitive_attributes": [],
          "private": "eyJlMmJmYjczMC1lY2FhLTExZTYtOGY4OC0zNDM2M2JjN2M0YzAiOnsiY3JlYXRlIjo1NDAwMDAwMDAwMDAwLCJkZWxldGUiOjU0MDAwMDAwMDAwMDAsInJlYWQiOjMwMDAwMDAwMDAwMCwidXBkYXRlIjo1NDAwMDAwMDAwMDAwfX0="
        }
      ]
    },
    {
      "module": "module.azurerm_storage_account",
      "mode": "managed",
      "type": "azurerm_storage_account",
      "name": "this",
      "provider": "provider[\"registry.terraform.io/hashicorp/azurerm\"]",
      "instances": [
        {
          "schema_version": 3,
          "attributes": {
            "access_tier": "Hot",
            "account_kind": "StorageV2",
            "account_replication_type": "LRS",
            "account_tier": "Standard",
            "allow_nested_items_to_be_public": false,
            "allowed_copy_scope": "",
            "azure_files_authentication": [],
            "blob_properties": [
              {
                "change_feed_enabled": false,
                "change_feed_retention_in_days": 0,
                "container_delete_retention_policy": [],
                "cors_rule": [],
                "default_service_version": "",
                "delete_retention_policy": [],
                "last_access_time_enabled": false,
                "restore_policy": [],
                "versioning_enabled": false
              }
            ],
            "cross_tenant_replication_enabled": true,
            "custom_domain": [],
            "customer_managed_key": [],
            "default_to_oauth_authentication": false,
            "edge_zone": "",
            "enable_https_traffic_only": true,
            "id": "/subscriptions/d4dcf2f0-f230-4785-ac04-a37ed6e439ee/resourceGroups/rg-io-connectdev-sbx-mgmt-eastus-1/providers/Microsoft.Storage/storageAccounts/ioconnectdevsbxstocoreea",
            "identity": [],
            "immutability_policy": [],
            "infrastructure_encryption_enabled": false,
            "is_hns_enabled": false,
            "large_file_share_enabled": null,
            "location": "eastus",
            "min_tls_version": "TLS1_2",
            "name": "ioconnectdevsbxstocoreea",
            "network_rules": [
              {
                "bypass": [
                  "AzureServices"
                ],
                "default_action": "Deny",
                "ip_rules": [],
                "private_link_access": [],
                "virtual_network_subnet_ids": []
              }
            ],
            "nfsv3_enabled": false,
            "primary_access_key": "v35aaG6yRNxrNRxFZmdYwOs9GePV8TOBlkNjJ/iaVsV1m5ek5/1wg/iYqt9SzAbfTSLvdjVqF9Z2+ASts4feNg==",
            "primary_blob_connection_string": "DefaultEndpointsProtocol=https;BlobEndpoint=https://ioconnectdevsbxstocoreea.blob.core.windows.net/;AccountName=ioconnectdevsbxstocoreea;AccountKey=v35aaG6yRNxrNRxFZmdYwOs9GePV8TOBlkNjJ/iaVsV1m5ek5/1wg/iYqt9SzAbfTSLvdjVqF9Z2+ASts4feNg==",
            "primary_blob_endpoint": "https://ioconnectdevsbxstocoreea.blob.core.windows.net/",
            "primary_blob_host": "ioconnectdevsbxstocoreea.blob.core.windows.net",
            "primary_connection_string": "DefaultEndpointsProtocol=https;AccountName=ioconnectdevsbxstocoreea;AccountKey=v35aaG6yRNxrNRxFZmdYwOs9GePV8TOBlkNjJ/iaVsV1m5ek5/1wg/iYqt9SzAbfTSLvdjVqF9Z2+ASts4feNg==;EndpointSuffix=core.windows.net",
            "primary_dfs_endpoint": "https://ioconnectdevsbxstocoreea.dfs.core.windows.net/",
            "primary_dfs_host": "ioconnectdevsbxstocoreea.dfs.core.windows.net",
            "primary_file_endpoint": "https://ioconnectdevsbxstocoreea.file.core.windows.net/",
            "primary_file_host": "ioconnectdevsbxstocoreea.file.core.windows.net",
            "primary_location": "eastus",
            "primary_queue_endpoint": "https://ioconnectdevsbxstocoreea.queue.core.windows.net/",
            "primary_queue_host": "ioconnectdevsbxstocoreea.queue.core.windows.net",
            "primary_table_endpoint": "https://ioconnectdevsbxstocoreea.table.core.windows.net/",
            "primary_table_host": "ioconnectdevsbxstocoreea.table.core.windows.net",
            "primary_web_endpoint": "https://ioconnectdevsbxstocoreea.z13.web.core.windows.net/",
            "primary_web_host": "ioconnectdevsbxstocoreea.z13.web.core.windows.net",
            "public_network_access_enabled": false,
            "queue_encryption_key_type": "Service",
            "queue_properties": [
              {
                "cors_rule": [],
                "hour_metrics": [
                  {
                    "enabled": true,
                    "include_apis": true,
                    "retention_policy_days": 7,
                    "version": "1.0"
                  }
                ],
                "logging": [
                  {
                    "delete": false,
                    "read": false,
                    "retention_policy_days": 0,
                    "version": "1.0",
                    "write": false
                  }
                ],
                "minute_metrics": [
                  {
                    "enabled": false,
                    "include_apis": false,
                    "retention_policy_days": 0,
                    "version": "1.0"
                  }
                ]
              }
            ],
            "resource_group_name": "rg-io-connectdev-sbx-mgmt-eastus-1",
            "routing": [],
            "sas_policy": [],
            "secondary_access_key": "N/ZR2l68NaRRJcwg4JFXkxug6yF/ixsulQJyIOLd7bXlDGIklJrMOC00Wtaezuob+qpmLTggc+48+AStPt4UTA==",
            "secondary_blob_connection_string": "",
            "secondary_blob_endpoint": null,
            "secondary_blob_host": null,
            "secondary_connection_string": "DefaultEndpointsProtocol=https;AccountName=ioconnectdevsbxstocoreea;AccountKey=N/ZR2l68NaRRJcwg4JFXkxug6yF/ixsulQJyIOLd7bXlDGIklJrMOC00Wtaezuob+qpmLTggc+48+AStPt4UTA==;EndpointSuffix=core.windows.net",
            "secondary_dfs_endpoint": null,
            "secondary_dfs_host": null,
            "secondary_file_endpoint": null,
            "secondary_file_host": null,
            "secondary_location": "",
            "secondary_queue_endpoint": null,
            "secondary_queue_host": null,
            "secondary_table_endpoint": null,
            "secondary_table_host": null,
            "secondary_web_endpoint": null,
            "secondary_web_host": null,
            "sftp_enabled": false,
            "share_properties": [
              {
                "cors_rule": [],
                "retention_policy": [
                  {
                    "days": 7
                  }
                ],
                "smb": []
              }
            ],
            "shared_access_key_enabled": true,
            "static_website": [],
            "table_encryption_key_type": "Service",
            "tags": {
              "appid": "connectivity",
              "cleardata": "n",
              "costcenter": "0930",
              "department": "io",
              "environmnet": "sbx",
              "owner": "JR_Johnson",
              "terraform": "_connectivity_subscription"
            },
            "timeouts": null
          },
          "sensitive_attributes": [],
          "private": "eyJlMmJmYjczMC1lY2FhLTExZTYtOGY4OC0zNDM2M2JjN2M0YzAiOnsiY3JlYXRlIjozNjAwMDAwMDAwMDAwLCJkZWxldGUiOjM2MDAwMDAwMDAwMDAsInJlYWQiOjMwMDAwMDAwMDAwMCwidXBkYXRlIjozNjAwMDAwMDAwMDAwfSwic2NoZW1hX3ZlcnNpb24iOiIzIn0=",
          "dependencies": [
            "module.azurerm_resource_group.azurerm_resource_group.this",
            "module.azurerm_resource_group_mgmt.azurerm_resource_group.this"
          ]
        }
      ]
    },
    {
      "module": "module.azurerm_subnet",
      "mode": "managed",
      "type": "azurerm_subnet",
      "name": "this",
      "provider": "provider[\"registry.terraform.io/hashicorp/azurerm\"]",
      "instances": [
        {
          "schema_version": 0,
          "attributes": {
            "address_prefixes": [
              "172.24.11.144/28"
            ],
            "delegation": [],
            "enforce_private_link_endpoint_network_policies": false,
            "enforce_private_link_service_network_policies": false,
            "id": "/subscriptions/d4dcf2f0-f230-4785-ac04-a37ed6e439ee/resourceGroups/rg-io-connectdev-sbx-core-eastus-1/providers/Microsoft.Network/virtualNetworks/io-connectdev-sbx-vnw-core-eastus-1/subnets/GatewaySubnet",
            "name": "GatewaySubnet",
            "private_endpoint_network_policies_enabled": true,
            "private_link_service_network_policies_enabled": true,
            "resource_group_name": "rg-io-connectdev-sbx-core-eastus-1",
            "service_endpoint_policy_ids": [],
            "service_endpoints": [],
            "timeouts": null,
            "virtual_network_name": "io-connectdev-sbx-vnw-core-eastus-1"
          },
          "sensitive_attributes": [],
          "private": "eyJlMmJmYjczMC1lY2FhLTExZTYtOGY4OC0zNDM2M2JjN2M0YzAiOnsiY3JlYXRlIjoxODAwMDAwMDAwMDAwLCJkZWxldGUiOjE4MDAwMDAwMDAwMDAsInJlYWQiOjMwMDAwMDAwMDAwMCwidXBkYXRlIjoxODAwMDAwMDAwMDAwfX0=",
          "dependencies": [
            "module.azurerm_resource_group.azurerm_resource_group.this",
            "module.azurerm_virtual_network.azurerm_virtual_network.this"
          ]
        }
      ]
    },
    {
      "module": "module.azurerm_subnet_bastion",
      "mode": "managed",
      "type": "azurerm_subnet",
      "name": "this",
      "provider": "provider[\"registry.terraform.io/hashicorp/azurerm\"]",
      "instances": [
        {
          "schema_version": 0,
          "attributes": {
            "address_prefixes": [
              "172.24.11.128/28"
            ],
            "delegation": [],
            "enforce_private_link_endpoint_network_policies": false,
            "enforce_private_link_service_network_policies": false,
            "id": "/subscriptions/d4dcf2f0-f230-4785-ac04-a37ed6e439ee/resourceGroups/rg-io-connectdev-sbx-core-eastus-1/providers/Microsoft.Network/virtualNetworks/io-connectdev-sbx-vnw-core-eastus-1/subnets/AzureBastionSubnet",
            "name": "AzureBastionSubnet",
            "private_endpoint_network_policies_enabled": true,
            "private_link_service_network_policies_enabled": true,
            "resource_group_name": "rg-io-connectdev-sbx-core-eastus-1",
            "service_endpoint_policy_ids": [],
            "service_endpoints": [],
            "timeouts": null,
            "virtual_network_name": "io-connectdev-sbx-vnw-core-eastus-1"
          },
          "sensitive_attributes": [],
          "private": "eyJlMmJmYjczMC1lY2FhLTExZTYtOGY4OC0zNDM2M2JjN2M0YzAiOnsiY3JlYXRlIjoxODAwMDAwMDAwMDAwLCJkZWxldGUiOjE4MDAwMDAwMDAwMDAsInJlYWQiOjMwMDAwMDAwMDAwMCwidXBkYXRlIjoxODAwMDAwMDAwMDAwfX0=",
          "dependencies": [
            "module.azurerm_resource_group.azurerm_resource_group.this",
            "module.azurerm_virtual_network.azurerm_virtual_network.this"
          ]
        }
      ]
    },
    {
      "module": "module.azurerm_virtual_network",
      "mode": "managed",
      "type": "azurerm_virtual_network",
      "name": "this",
      "provider": "provider[\"registry.terraform.io/hashicorp/azurerm\"]",
      "instances": [
        {
          "schema_version": 0,
          "attributes": {
            "address_space": [
              "172.24.11.128/27"
            ],
            "bgp_community": "",
            "ddos_protection_plan": [],
            "dns_servers": [],
            "edge_zone": "",
            "flow_timeout_in_minutes": 0,
            "guid": "0e67115d-56bc-42ef-a8f9-a3e7597c6df5",
            "id": "/subscriptions/d4dcf2f0-f230-4785-ac04-a37ed6e439ee/resourceGroups/rg-io-connectdev-sbx-core-eastus-1/providers/Microsoft.Network/virtualNetworks/io-connectdev-sbx-vnw-core-eastus-1",
            "location": "eastus",
            "name": "io-connectdev-sbx-vnw-core-eastus-1",
            "resource_group_name": "rg-io-connectdev-sbx-core-eastus-1",
            "subnet": [
              {
                "address_prefix": "172.24.11.128/28",
                "id": "/subscriptions/d4dcf2f0-f230-4785-ac04-a37ed6e439ee/resourceGroups/rg-io-connectdev-sbx-core-eastus-1/providers/Microsoft.Network/virtualNetworks/io-connectdev-sbx-vnw-core-eastus-1/subnets/AzureBastionSubnet",
                "name": "AzureBastionSubnet",
                "security_group": ""
              },
              {
                "address_prefix": "172.24.11.144/28",
                "id": "/subscriptions/d4dcf2f0-f230-4785-ac04-a37ed6e439ee/resourceGroups/rg-io-connectdev-sbx-core-eastus-1/providers/Microsoft.Network/virtualNetworks/io-connectdev-sbx-vnw-core-eastus-1/subnets/GatewaySubnet",
                "name": "GatewaySubnet",
                "security_group": ""
              }
            ],
            "tags": {
              "appid": "connectivity",
              "cleardata": "n",
              "costcenter": "0930",
              "department": "io",
              "environmnet": "sbx",
              "owner": "JR_Johnson",
              "terraform": "_connectivity_subscription"
            },
            "timeouts": null
          },
          "sensitive_attributes": [],
          "private": "eyJlMmJmYjczMC1lY2FhLTExZTYtOGY4OC0zNDM2M2JjN2M0YzAiOnsiY3JlYXRlIjoxODAwMDAwMDAwMDAwLCJkZWxldGUiOjE4MDAwMDAwMDAwMDAsInJlYWQiOjMwMDAwMDAwMDAwMCwidXBkYXRlIjoxODAwMDAwMDAwMDAwfX0=",
          "dependencies": [
            "module.azurerm_resource_group.azurerm_resource_group.this"
          ]
        }
      ]
    }
  ],
  "check_results": null
}
