{
  "version": 4,
  "terraform_version": "1.3.5",
  "serial": 11,
  "lineage": "75717b03-ef4b-f442-36e3-d4e5606477c4",
  "outputs": {},
  "resources": [
    {
      "module": "module.azurerm_log_analytics_workspace",
      "mode": "managed",
      "type": "azurerm_log_analytics_workspace",
      "name": "this",
      "provider": "provider[\"registry.terraform.io/hashicorp/azurerm\"]",
      "instances": [
        {
          "schema_version": 3,
          "attributes": {
            "allow_resource_only_permissions": true,
            "cmk_for_query_forced": false,
            "daily_quota_gb": -1,
            "id": "/subscriptions/d4dcf2f0-f230-4785-ac04-a37ed6e439ee/resourceGroups/rg-io-connectivity-sbx-core-eastus-1/providers/Microsoft.OperationalInsights/workspaces/io-connectivity-sbx-log-core-eastus-1",
            "internet_ingestion_enabled": true,
            "internet_query_enabled": true,
            "local_authentication_disabled": false,
            "location": "eastus",
            "name": "io-connectivity-sbx-log-core-eastus-1",
            "primary_shared_key": "kDyqESxX3yO4fxbNoKhPPnacYyNEG7eHKyhSrMsXoK4IF6W4Qu5ziSBbkOswUUSnRwDRgmqsxBTvc62+UH4Fpw==",
            "reservation_capacity_in_gb_per_day": null,
            "resource_group_name": "rg-io-connectivity-sbx-core-eastus-1",
            "retention_in_days": 100,
            "secondary_shared_key": "fXCdi/IU3YRK+F1xyCqJvHUMxJPBiqoPYID9uWxiNTfhQHWxc+bKRvyza5z5j0gFDNqPjQ+IzpcRPIeErEmriw==",
            "sku": "PerGB2018",
            "tags": {
              "appid": "connectivity",
              "cleardata": "n",
              "costcenter": "0930",
              "department": "io",
              "environmnet": "sbx",
              "owner": "JR_Johnson",
              "terraform": "_connectivity_subscription"
            },
            "timeouts": null,
            "workspace_id": "ff1ccc20-395b-4072-b59e-c51e1d58f6f5"
          },
          "sensitive_attributes": [],
          "private": "eyJlMmJmYjczMC1lY2FhLTExZTYtOGY4OC0zNDM2M2JjN2M0YzAiOnsiY3JlYXRlIjoxODAwMDAwMDAwMDAwLCJkZWxldGUiOjE4MDAwMDAwMDAwMDAsInJlYWQiOjMwMDAwMDAwMDAwMCwidXBkYXRlIjoxODAwMDAwMDAwMDAwfSwic2NoZW1hX3ZlcnNpb24iOiIzIn0=",
          "dependencies": [
            "module.azurerm_resource_group.azurerm_resource_group.this"
          ]
        }
      ]
    },
    {
      "module": "module.azurerm_network_security_group",
      "mode": "managed",
      "type": "azurerm_network_security_group",
      "name": "this",
      "provider": "provider[\"registry.terraform.io/hashicorp/azurerm\"]",
      "instances": [
        {
          "schema_version": 0,
          "attributes": {
            "id": "/subscriptions/d4dcf2f0-f230-4785-ac04-a37ed6e439ee/resourceGroups/rg-io-connectivity-sbx-core-eastus-1/providers/Microsoft.Network/networkSecurityGroups/io-connectivity-sbx-nsg-core-eastus-1",
            "location": "eastus",
            "name": "io-connectivity-sbx-nsg-core-eastus-1",
            "resource_group_name": "rg-io-connectivity-sbx-core-eastus-1",
            "security_rule": [],
            "tags": {
              "appid": "connectivity",
              "cleardata": "n",
              "costcenter": "0930",
              "department": "io",
              "environmnet": "sbx",
              "owner": "JR_Johnson",
              "terraform": "_connectivity_subscription"
            },
            "timeouts": null
          },
          "sensitive_attributes": [],
          "private": "eyJlMmJmYjczMC1lY2FhLTExZTYtOGY4OC0zNDM2M2JjN2M0YzAiOnsiY3JlYXRlIjoxODAwMDAwMDAwMDAwLCJkZWxldGUiOjE4MDAwMDAwMDAwMDAsInJlYWQiOjMwMDAwMDAwMDAwMCwidXBkYXRlIjoxODAwMDAwMDAwMDAwfX0=",
          "dependencies": [
            "module.azurerm_resource_group.azurerm_resource_group.this"
          ]
        }
      ]
    },
    {
      "module": "module.azurerm_resource_group",
      "mode": "managed",
      "type": "azurerm_resource_group",
      "name": "this",
      "provider": "provider[\"registry.terraform.io/hashicorp/azurerm\"]",
      "instances": [
        {
          "schema_version": 0,
          "attributes": {
            "id": "/subscriptions/d4dcf2f0-f230-4785-ac04-a37ed6e439ee/resourceGroups/rg-io-connectivity-sbx-core-eastus-1",
            "location": "eastus",
            "name": "rg-io-connectivity-sbx-core-eastus-1",
            "tags": {
              "appid": "connectivity",
              "cleardata": "n",
              "costcenter": "0930",
              "department": "io",
              "environmnet": "sbx",
              "owner": "JR_Johnson",
              "terraform": "_connectivity_subscription"
            },
            "timeouts": null
          },
          "sensitive_attributes": [],
          "private": "eyJlMmJmYjczMC1lY2FhLTExZTYtOGY4OC0zNDM2M2JjN2M0YzAiOnsiY3JlYXRlIjo1NDAwMDAwMDAwMDAwLCJkZWxldGUiOjU0MDAwMDAwMDAwMDAsInJlYWQiOjMwMDAwMDAwMDAwMCwidXBkYXRlIjo1NDAwMDAwMDAwMDAwfX0="
        }
      ]
    },
    {
      "module": "module.azurerm_resource_group_mgmt",
      "mode": "managed",
      "type": "azurerm_resource_group",
      "name": "this",
      "provider": "provider[\"registry.terraform.io/hashicorp/azurerm\"]",
      "instances": [
        {
          "schema_version": 0,
          "attributes": {
            "id": "/subscriptions/d4dcf2f0-f230-4785-ac04-a37ed6e439ee/resourceGroups/rg-io-connectivity-sbx-mgmt-eastus-1",
            "location": "eastus",
            "name": "rg-io-connectivity-sbx-mgmt-eastus-1",
            "tags": {
              "appid": "connectivity",
              "cleardata": "n",
              "costcenter": "0930",
              "department": "io",
              "environmnet": "sbx",
              "owner": "JR_Johnson",
              "terraform": "_connectivity_subscription"
            },
            "timeouts": null
          },
          "sensitive_attributes": [],
          "private": "eyJlMmJmYjczMC1lY2FhLTExZTYtOGY4OC0zNDM2M2JjN2M0YzAiOnsiY3JlYXRlIjo1NDAwMDAwMDAwMDAwLCJkZWxldGUiOjU0MDAwMDAwMDAwMDAsInJlYWQiOjMwMDAwMDAwMDAwMCwidXBkYXRlIjo1NDAwMDAwMDAwMDAwfX0=",
          "dependencies": [
            "module.azurerm_resource_group.azurerm_resource_group.this"
          ]
        }
      ]
    },
    {
      "module": "module.azurerm_subnet",
      "mode": "managed",
      "type": "azurerm_subnet",
      "name": "this",
      "provider": "provider[\"registry.terraform.io/hashicorp/azurerm\"]",
      "instances": [
        {
          "schema_version": 0,
          "attributes": {
            "address_prefixes": [
              "172.24.11.144/28"
            ],
            "delegation": [],
            "enforce_private_link_endpoint_network_policies": false,
            "enforce_private_link_service_network_policies": false,
            "id": "/subscriptions/d4dcf2f0-f230-4785-ac04-a37ed6e439ee/resourceGroups/rg-io-connectivity-sbx-core-eastus-1/providers/Microsoft.Network/virtualNetworks/io-connectivity-sbx-vnw-core-eastus-1/subnets/GatewaySubnet",
            "name": "GatewaySubnet",
            "private_endpoint_network_policies_enabled": true,
            "private_link_service_network_policies_enabled": true,
            "resource_group_name": "rg-io-connectivity-sbx-core-eastus-1",
            "service_endpoint_policy_ids": null,
            "service_endpoints": null,
            "timeouts": null,
            "virtual_network_name": "io-connectivity-sbx-vnw-core-eastus-1"
          },
          "sensitive_attributes": [],
          "private": "eyJlMmJmYjczMC1lY2FhLTExZTYtOGY4OC0zNDM2M2JjN2M0YzAiOnsiY3JlYXRlIjoxODAwMDAwMDAwMDAwLCJkZWxldGUiOjE4MDAwMDAwMDAwMDAsInJlYWQiOjMwMDAwMDAwMDAwMCwidXBkYXRlIjoxODAwMDAwMDAwMDAwfX0=",
          "dependencies": [
            "module.azurerm_resource_group.azurerm_resource_group.this",
            "module.azurerm_virtual_network.azurerm_virtual_network.this"
          ]
        }
      ]
    },
    {
      "module": "module.azurerm_subnet_bastion",
      "mode": "managed",
      "type": "azurerm_subnet",
      "name": "this",
      "provider": "provider[\"registry.terraform.io/hashicorp/azurerm\"]",
      "instances": [
        {
          "schema_version": 0,
          "attributes": {
            "address_prefixes": [
              "172.24.11.128/28"
            ],
            "delegation": [],
            "enforce_private_link_endpoint_network_policies": false,
            "enforce_private_link_service_network_policies": false,
            "id": "/subscriptions/d4dcf2f0-f230-4785-ac04-a37ed6e439ee/resourceGroups/rg-io-connectivity-sbx-core-eastus-1/providers/Microsoft.Network/virtualNetworks/io-connectivity-sbx-vnw-core-eastus-1/subnets/AzureBastionSubnet",
            "name": "AzureBastionSubnet",
            "private_endpoint_network_policies_enabled": true,
            "private_link_service_network_policies_enabled": true,
            "resource_group_name": "rg-io-connectivity-sbx-core-eastus-1",
            "service_endpoint_policy_ids": null,
            "service_endpoints": null,
            "timeouts": null,
            "virtual_network_name": "io-connectivity-sbx-vnw-core-eastus-1"
          },
          "sensitive_attributes": [],
          "private": "eyJlMmJmYjczMC1lY2FhLTExZTYtOGY4OC0zNDM2M2JjN2M0YzAiOnsiY3JlYXRlIjoxODAwMDAwMDAwMDAwLCJkZWxldGUiOjE4MDAwMDAwMDAwMDAsInJlYWQiOjMwMDAwMDAwMDAwMCwidXBkYXRlIjoxODAwMDAwMDAwMDAwfX0=",
          "dependencies": [
            "module.azurerm_resource_group.azurerm_resource_group.this",
            "module.azurerm_virtual_network.azurerm_virtual_network.this"
          ]
        }
      ]
    },
    {
      "module": "module.azurerm_virtual_network",
      "mode": "managed",
      "type": "azurerm_virtual_network",
      "name": "this",
      "provider": "provider[\"registry.terraform.io/hashicorp/azurerm\"]",
      "instances": [
        {
          "schema_version": 0,
          "attributes": {
            "address_space": [
              "172.24.11.128/27"
            ],
            "bgp_community": "",
            "ddos_protection_plan": [],
            "dns_servers": [],
            "edge_zone": "",
            "flow_timeout_in_minutes": 0,
            "guid": "4d98a155-4368-43d6-9a85-067c80c7de47",
            "id": "/subscriptions/d4dcf2f0-f230-4785-ac04-a37ed6e439ee/resourceGroups/rg-io-connectivity-sbx-core-eastus-1/providers/Microsoft.Network/virtualNetworks/io-connectivity-sbx-vnw-core-eastus-1",
            "location": "eastus",
            "name": "io-connectivity-sbx-vnw-core-eastus-1",
            "resource_group_name": "rg-io-connectivity-sbx-core-eastus-1",
            "subnet": [],
            "tags": {
              "appid": "connectivity",
              "cleardata": "n",
              "costcenter": "0930",
              "department": "io",
              "environmnet": "sbx",
              "owner": "JR_Johnson",
              "terraform": "_connectivity_subscription"
            },
            "timeouts": null
          },
          "sensitive_attributes": [],
          "private": "eyJlMmJmYjczMC1lY2FhLTExZTYtOGY4OC0zNDM2M2JjN2M0YzAiOnsiY3JlYXRlIjoxODAwMDAwMDAwMDAwLCJkZWxldGUiOjE4MDAwMDAwMDAwMDAsInJlYWQiOjMwMDAwMDAwMDAwMCwidXBkYXRlIjoxODAwMDAwMDAwMDAwfX0=",
          "dependencies": [
            "module.azurerm_resource_group.azurerm_resource_group.this"
          ]
        }
      ]
    }
  ],
  "check_results": null
}
